
Microsoft Visual Studio Solution File, Format Version 12.00
# Visual Studio Version 17
VisualStudioVersion = 17.10.35122.118
MinimumVisualStudioVersion = 10.0.40219.1
Project("{2150E333-8FDC-42A3-9474-1A3956D46DE8}") = "Cores", "Cores", "{A54060BD-9104-4322-AD34-031EB13335DD}"
EndProject
Project("{2150E333-8FDC-42A3-9474-1A3956D46DE8}") = "Gateways", "Gateways", "{6B7D70B3-DA39-4EE0-8AC4-C0515D1A59CC}"
EndProject
Project("{2150E333-8FDC-42A3-9474-1A3956D46DE8}") = "Clients", "Clients", "{1C788D2B-992C-45F1-8366-B7621A838064}"
EndProject
Project("{2150E333-8FDC-42A3-9474-1A3956D46DE8}") = "Entitites", "Entitites", "{40219E43-315B-42AD-8CEA-EE8CD6F5F035}"
EndProject
Project("{9A19103F-16F7-4668-BE54-9A1E7A4F7556}") = "PLM.Entities", "PLM.Entities\PLM.Entities.csproj", "{326E92A9-96BA-4A18-9283-171789706810}"
EndProject
Project("{9A19103F-16F7-4668-BE54-9A1E7A4F7556}") = "PLM.BusinessObjects", "PLM.BusinessObjects\PLM.BusinessObjects.csproj", "{99F1B84A-673D-4510-AA8B-A1CEAE49275A}"
EndProject
Project("{9A19103F-16F7-4668-BE54-9A1E7A4F7556}") = "PLM.BusinessLogic", "PLM.Services\PLM.BusinessLogic.csproj", "{65099A4E-5609-45AB-A9D7-42AD0035ACEC}"
EndProject
Project("{9A19103F-16F7-4668-BE54-9A1E7A4F7556}") = "PLM.DataBase", "PLM.DataBase\PLM.DataBase.csproj", "{D9453E64-F44B-4F21-9F92-3C016F644899}"
EndProject
Project("{9A19103F-16F7-4668-BE54-9A1E7A4F7556}") = "PLM.WebAPI", "PLM.WebAPI\PLM.WebAPI.csproj", "{FFF9C029-5F8D-4039-B888-DF2011B8F400}"
EndProject
Project("{2150E333-8FDC-42A3-9474-1A3956D46DE8}") = "Adapters", "Adapters", "{14C4B184-A9DC-4795-B15D-26FF21F878CB}"
EndProject
Project("{2150E333-8FDC-42A3-9474-1A3956D46DE8}") = "Presenters", "Presenters", "{6B996F7F-1E38-48A9-AD3B-80CE7D3A5F96}"
EndProject
Project("{9A19103F-16F7-4668-BE54-9A1E7A4F7556}") = "PLM.Presenters", "PLM.Presenters\PLM.Presenters.csproj", "{84AFAC92-8525-421C-9D49-CBC7BFF48125}"
EndProject
Project("{2150E333-8FDC-42A3-9474-1A3956D46DE8}") = "Controllers", "Controllers", "{2C33AF2E-9032-4992-B8E3-C617ADD2107C}"
EndProject
Project("{9A19103F-16F7-4668-BE54-9A1E7A4F7556}") = "PLM.Controllers", "PLM.Controllers\PLM.Controllers.csproj", "{184E1C20-F71F-4F1E-92BF-6DEFAE1492A4}"
EndProject
Project("{9A19103F-16F7-4668-BE54-9A1E7A4F7556}") = "PLM.IoC", "PLM.IoC\PLM.IoC.csproj", "{D101415B-A4AC-4C68-8F62-407ECA8EFDA9}"
EndProject
Global
	GlobalSection(SolutionConfigurationPlatforms) = preSolution
		Debug|Any CPU = Debug|Any CPU
		Release|Any CPU = Release|Any CPU
	EndGlobalSection
	GlobalSection(ProjectConfigurationPlatforms) = postSolution
		{326E92A9-96BA-4A18-9283-171789706810}.Debug|Any CPU.ActiveCfg = Debug|Any CPU
		{326E92A9-96BA-4A18-9283-171789706810}.Debug|Any CPU.Build.0 = Debug|Any CPU
		{326E92A9-96BA-4A18-9283-171789706810}.Release|Any CPU.ActiveCfg = Release|Any CPU
		{326E92A9-96BA-4A18-9283-171789706810}.Release|Any CPU.Build.0 = Release|Any CPU
		{99F1B84A-673D-4510-AA8B-A1CEAE49275A}.Debug|Any CPU.ActiveCfg = Debug|Any CPU
		{99F1B84A-673D-4510-AA8B-A1CEAE49275A}.Debug|Any CPU.Build.0 = Debug|Any CPU
		{99F1B84A-673D-4510-AA8B-A1CEAE49275A}.Release|Any CPU.ActiveCfg = Release|Any CPU
		{99F1B84A-673D-4510-AA8B-A1CEAE49275A}.Release|Any CPU.Build.0 = Release|Any CPU
		{65099A4E-5609-45AB-A9D7-42AD0035ACEC}.Debug|Any CPU.ActiveCfg = Debug|Any CPU
		{65099A4E-5609-45AB-A9D7-42AD0035ACEC}.Debug|Any CPU.Build.0 = Debug|Any CPU
		{65099A4E-5609-45AB-A9D7-42AD0035ACEC}.Release|Any CPU.ActiveCfg = Release|Any CPU
		{65099A4E-5609-45AB-A9D7-42AD0035ACEC}.Release|Any CPU.Build.0 = Release|Any CPU
		{D9453E64-F44B-4F21-9F92-3C016F644899}.Debug|Any CPU.ActiveCfg = Debug|Any CPU
		{D9453E64-F44B-4F21-9F92-3C016F644899}.Debug|Any CPU.Build.0 = Debug|Any CPU
		{D9453E64-F44B-4F21-9F92-3C016F644899}.Release|Any CPU.ActiveCfg = Release|Any CPU
		{D9453E64-F44B-4F21-9F92-3C016F644899}.Release|Any CPU.Build.0 = Release|Any CPU
		{FFF9C029-5F8D-4039-B888-DF2011B8F400}.Debug|Any CPU.ActiveCfg = Debug|Any CPU
		{FFF9C029-5F8D-4039-B888-DF2011B8F400}.Debug|Any CPU.Build.0 = Debug|Any CPU
		{FFF9C029-5F8D-4039-B888-DF2011B8F400}.Release|Any CPU.ActiveCfg = Release|Any CPU
		{FFF9C029-5F8D-4039-B888-DF2011B8F400}.Release|Any CPU.Build.0 = Release|Any CPU
		{84AFAC92-8525-421C-9D49-CBC7BFF48125}.Debug|Any CPU.ActiveCfg = Debug|Any CPU
		{84AFAC92-8525-421C-9D49-CBC7BFF48125}.Debug|Any CPU.Build.0 = Debug|Any CPU
		{84AFAC92-8525-421C-9D49-CBC7BFF48125}.Release|Any CPU.ActiveCfg = Release|Any CPU
		{84AFAC92-8525-421C-9D49-CBC7BFF48125}.Release|Any CPU.Build.0 = Release|Any CPU
		{184E1C20-F71F-4F1E-92BF-6DEFAE1492A4}.Debug|Any CPU.ActiveCfg = Debug|Any CPU
		{184E1C20-F71F-4F1E-92BF-6DEFAE1492A4}.Debug|Any CPU.Build.0 = Debug|Any CPU
		{184E1C20-F71F-4F1E-92BF-6DEFAE1492A4}.Release|Any CPU.ActiveCfg = Release|Any CPU
		{184E1C20-F71F-4F1E-92BF-6DEFAE1492A4}.Release|Any CPU.Build.0 = Release|Any CPU
		{D101415B-A4AC-4C68-8F62-407ECA8EFDA9}.Debug|Any CPU.ActiveCfg = Debug|Any CPU
		{D101415B-A4AC-4C68-8F62-407ECA8EFDA9}.Debug|Any CPU.Build.0 = Debug|Any CPU
		{D101415B-A4AC-4C68-8F62-407ECA8EFDA9}.Release|Any CPU.ActiveCfg = Release|Any CPU
		{D101415B-A4AC-4C68-8F62-407ECA8EFDA9}.Release|Any CPU.Build.0 = Release|Any CPU
	EndGlobalSection
	GlobalSection(SolutionProperties) = preSolution
		HideSolutionNode = FALSE
	EndGlobalSection
	GlobalSection(NestedProjects) = preSolution
		{6B7D70B3-DA39-4EE0-8AC4-C0515D1A59CC} = {14C4B184-A9DC-4795-B15D-26FF21F878CB}
		{326E92A9-96BA-4A18-9283-171789706810} = {40219E43-315B-42AD-8CEA-EE8CD6F5F035}
		{99F1B84A-673D-4510-AA8B-A1CEAE49275A} = {A54060BD-9104-4322-AD34-031EB13335DD}
		{65099A4E-5609-45AB-A9D7-42AD0035ACEC} = {A54060BD-9104-4322-AD34-031EB13335DD}
		{D9453E64-F44B-4F21-9F92-3C016F644899} = {6B7D70B3-DA39-4EE0-8AC4-C0515D1A59CC}
		{FFF9C029-5F8D-4039-B888-DF2011B8F400} = {1C788D2B-992C-45F1-8366-B7621A838064}
		{6B996F7F-1E38-48A9-AD3B-80CE7D3A5F96} = {14C4B184-A9DC-4795-B15D-26FF21F878CB}
		{84AFAC92-8525-421C-9D49-CBC7BFF48125} = {6B996F7F-1E38-48A9-AD3B-80CE7D3A5F96}
		{2C33AF2E-9032-4992-B8E3-C617ADD2107C} = {14C4B184-A9DC-4795-B15D-26FF21F878CB}
		{184E1C20-F71F-4F1E-92BF-6DEFAE1492A4} = {2C33AF2E-9032-4992-B8E3-C617ADD2107C}
		{D101415B-A4AC-4C68-8F62-407ECA8EFDA9} = {14C4B184-A9DC-4795-B15D-26FF21F878CB}
	EndGlobalSection
	GlobalSection(ExtensibilityGlobals) = postSolution
		SolutionGuid = {A9142E26-0DFA-4D5E-9664-5C29E99AD46B}
	EndGlobalSection
EndGlobal
